// !$*UTF8*$!
{
	archiveVersion = 1;
	classes = {
	};
	objectVersion = 52;
	objects = {

/* Begin PBXBuildFile section */
		990628CF26BFA714001DBE44 /* AppDelegate.swift in Sources */ = {isa = PBXBuildFile; fileRef = 990628CE26BFA714001DBE44 /* AppDelegate.swift */; };
		990628D126BFA714001DBE44 /* SceneDelegate.swift in Sources */ = {isa = PBXBuildFile; fileRef = 990628D026BFA714001DBE44 /* SceneDelegate.swift */; };
		990628D326BFA714001DBE44 /* WatchListViewController.swift in Sources */ = {isa = PBXBuildFile; fileRef = 990628D226BFA714001DBE44 /* WatchListViewController.swift */; };
		990628D826BFA716001DBE44 /* Assets.xcassets in Resources */ = {isa = PBXBuildFile; fileRef = 990628D726BFA716001DBE44 /* Assets.xcassets */; };
		990628DB26BFA716001DBE44 /* LaunchScreen.storyboard in Resources */ = {isa = PBXBuildFile; fileRef = 990628D926BFA716001DBE44 /* LaunchScreen.storyboard */; };
		990628E826BFA835001DBE44 /* NewsViewController.swift in Sources */ = {isa = PBXBuildFile; fileRef = 990628E726BFA835001DBE44 /* NewsViewController.swift */; };
		990628EA26BFA878001DBE44 /* SearchResultsViewController.swift in Sources */ = {isa = PBXBuildFile; fileRef = 990628E926BFA878001DBE44 /* SearchResultsViewController.swift */; };
		990628EC26BFA889001DBE44 /* StockDetailsViewController.swift in Sources */ = {isa = PBXBuildFile; fileRef = 990628EB26BFA889001DBE44 /* StockDetailsViewController.swift */; };
		990628EE26BFAAAC001DBE44 /* APICaller.swift in Sources */ = {isa = PBXBuildFile; fileRef = 990628ED26BFAAAC001DBE44 /* APICaller.swift */; };
		990628F026BFAAC3001DBE44 /* PersistenceManager.swift in Sources */ = {isa = PBXBuildFile; fileRef = 990628EF26BFAAC3001DBE44 /* PersistenceManager.swift */; };
		990628F226BFAAD3001DBE44 /* HapticsManager.swift in Sources */ = {isa = PBXBuildFile; fileRef = 990628F126BFAAD3001DBE44 /* HapticsManager.swift */; };
		990628F426BFCD9A001DBE44 /* UIViewPreview.swift in Sources */ = {isa = PBXBuildFile; fileRef = 990628F326BFCD9A001DBE44 /* UIViewPreview.swift */; };
		990628F626BFD24C001DBE44 /* UIView+UIKit.swift in Sources */ = {isa = PBXBuildFile; fileRef = 990628F526BFD24C001DBE44 /* UIView+UIKit.swift */; };
		990628F826BFD609001DBE44 /* SearchResultTableViewCell.swift in Sources */ = {isa = PBXBuildFile; fileRef = 990628F726BFD609001DBE44 /* SearchResultTableViewCell.swift */; };
		990628FA26BFF852001DBE44 /* PreviewDevice.swift in Sources */ = {isa = PBXBuildFile; fileRef = 990628F926BFF852001DBE44 /* PreviewDevice.swift */; };
		990628FC26BFF9AC001DBE44 /* UIViewControllerPreview.swift in Sources */ = {isa = PBXBuildFile; fileRef = 990628FB26BFF9AC001DBE44 /* UIViewControllerPreview.swift */; };
		990628FE26C00D6D001DBE44 /* SearchResponse.swift in Sources */ = {isa = PBXBuildFile; fileRef = 990628FD26C00D6D001DBE44 /* SearchResponse.swift */; };
		9983D88D26C0F43600841455 /* FloatingPanel in Frameworks */ = {isa = PBXBuildFile; productRef = 9983D88C26C0F43600841455 /* FloatingPanel */; };
		9983D89426C247CA00841455 /* NewsHeaderView.swift in Sources */ = {isa = PBXBuildFile; fileRef = 9983D89326C247CA00841455 /* NewsHeaderView.swift */; };
		998AACDF26C0F0A000D2F365 /* ExampleChildViewController.swift in Sources */ = {isa = PBXBuildFile; fileRef = 998AACDE26C0F0A000D2F365 /* ExampleChildViewController.swift */; };
		99D0123726C3938600BCD834 /* NewsStory.swift in Sources */ = {isa = PBXBuildFile; fileRef = 99D0123626C3938600BCD834 /* NewsStory.swift */; };
		99D0123926C396A400BCD834 /* DateFormatter+Foundation.swift in Sources */ = {isa = PBXBuildFile; fileRef = 99D0123826C396A400BCD834 /* DateFormatter+Foundation.swift */; };
		99D0123B26C399B600BCD834 /* NewsStoryTableViewCell.swift in Sources */ = {isa = PBXBuildFile; fileRef = 99D0123A26C399B600BCD834 /* NewsStoryTableViewCell.swift */; };
		99D0123D26C3A26B00BCD834 /* String+Foundation.swift in Sources */ = {isa = PBXBuildFile; fileRef = 99D0123C26C3A26B00BCD834 /* String+Foundation.swift */; };
		99D0123F26C3A38F00BCD834 /* UIImageView+UIKit.swift in Sources */ = {isa = PBXBuildFile; fileRef = 99D0123E26C3A38F00BCD834 /* UIImageView+UIKit.swift */; };
		99D0124226C3A52D00BCD834 /* SDWebImage in Frameworks */ = {isa = PBXBuildFile; productRef = 99D0124126C3A52D00BCD834 /* SDWebImage */; };
/* End PBXBuildFile section */

/* Begin PBXFileReference section */
		990628CB26BFA714001DBE44 /* Stocks.app */ = {isa = PBXFileReference; explicitFileType = wrapper.application; includeInIndex = 0; path = Stocks.app; sourceTree = BUILT_PRODUCTS_DIR; };
		990628CE26BFA714001DBE44 /* AppDelegate.swift */ = {isa = PBXFileReference; lastKnownFileType = sourcecode.swift; path = AppDelegate.swift; sourceTree = "<group>"; };
		990628D026BFA714001DBE44 /* SceneDelegate.swift */ = {isa = PBXFileReference; lastKnownFileType = sourcecode.swift; path = SceneDelegate.swift; sourceTree = "<group>"; };
		990628D226BFA714001DBE44 /* WatchListViewController.swift */ = {isa = PBXFileReference; lastKnownFileType = sourcecode.swift; path = WatchListViewController.swift; sourceTree = "<group>"; };
		990628D726BFA716001DBE44 /* Assets.xcassets */ = {isa = PBXFileReference; lastKnownFileType = folder.assetcatalog; path = Assets.xcassets; sourceTree = "<group>"; };
		990628DA26BFA716001DBE44 /* Base */ = {isa = PBXFileReference; lastKnownFileType = file.storyboard; name = Base; path = Base.lproj/LaunchScreen.storyboard; sourceTree = "<group>"; };
		990628DC26BFA716001DBE44 /* Info.plist */ = {isa = PBXFileReference; lastKnownFileType = text.plist.xml; path = Info.plist; sourceTree = "<group>"; };
		990628E726BFA835001DBE44 /* NewsViewController.swift */ = {isa = PBXFileReference; lastKnownFileType = sourcecode.swift; path = NewsViewController.swift; sourceTree = "<group>"; };
		990628E926BFA878001DBE44 /* SearchResultsViewController.swift */ = {isa = PBXFileReference; lastKnownFileType = sourcecode.swift; path = SearchResultsViewController.swift; sourceTree = "<group>"; };
		990628EB26BFA889001DBE44 /* StockDetailsViewController.swift */ = {isa = PBXFileReference; lastKnownFileType = sourcecode.swift; path = StockDetailsViewController.swift; sourceTree = "<group>"; };
		990628ED26BFAAAC001DBE44 /* APICaller.swift */ = {isa = PBXFileReference; lastKnownFileType = sourcecode.swift; path = APICaller.swift; sourceTree = "<group>"; };
		990628EF26BFAAC3001DBE44 /* PersistenceManager.swift */ = {isa = PBXFileReference; lastKnownFileType = sourcecode.swift; path = PersistenceManager.swift; sourceTree = "<group>"; };
		990628F126BFAAD3001DBE44 /* HapticsManager.swift */ = {isa = PBXFileReference; lastKnownFileType = sourcecode.swift; path = HapticsManager.swift; sourceTree = "<group>"; };
		990628F326BFCD9A001DBE44 /* UIViewPreview.swift */ = {isa = PBXFileReference; lastKnownFileType = sourcecode.swift; path = UIViewPreview.swift; sourceTree = "<group>"; };
		990628F526BFD24C001DBE44 /* UIView+UIKit.swift */ = {isa = PBXFileReference; lastKnownFileType = sourcecode.swift; path = "UIView+UIKit.swift"; sourceTree = "<group>"; };
		990628F726BFD609001DBE44 /* SearchResultTableViewCell.swift */ = {isa = PBXFileReference; lastKnownFileType = sourcecode.swift; path = SearchResultTableViewCell.swift; sourceTree = "<group>"; };
		990628F926BFF852001DBE44 /* PreviewDevice.swift */ = {isa = PBXFileReference; lastKnownFileType = sourcecode.swift; path = PreviewDevice.swift; sourceTree = "<group>"; };
		990628FB26BFF9AC001DBE44 /* UIViewControllerPreview.swift */ = {isa = PBXFileReference; lastKnownFileType = sourcecode.swift; path = UIViewControllerPreview.swift; sourceTree = "<group>"; };
		990628FD26C00D6D001DBE44 /* SearchResponse.swift */ = {isa = PBXFileReference; lastKnownFileType = sourcecode.swift; path = SearchResponse.swift; sourceTree = "<group>"; };
		9983D89326C247CA00841455 /* NewsHeaderView.swift */ = {isa = PBXFileReference; lastKnownFileType = sourcecode.swift; path = NewsHeaderView.swift; sourceTree = "<group>"; };
		998AACDE26C0F0A000D2F365 /* ExampleChildViewController.swift */ = {isa = PBXFileReference; lastKnownFileType = sourcecode.swift; path = ExampleChildViewController.swift; sourceTree = "<group>"; };
		99D0123626C3938600BCD834 /* NewsStory.swift */ = {isa = PBXFileReference; lastKnownFileType = sourcecode.swift; path = NewsStory.swift; sourceTree = "<group>"; };
		99D0123826C396A400BCD834 /* DateFormatter+Foundation.swift */ = {isa = PBXFileReference; lastKnownFileType = sourcecode.swift; path = "DateFormatter+Foundation.swift"; sourceTree = "<group>"; };
		99D0123A26C399B600BCD834 /* NewsStoryTableViewCell.swift */ = {isa = PBXFileReference; lastKnownFileType = sourcecode.swift; path = NewsStoryTableViewCell.swift; sourceTree = "<group>"; };
		99D0123C26C3A26B00BCD834 /* String+Foundation.swift */ = {isa = PBXFileReference; lastKnownFileType = sourcecode.swift; path = "String+Foundation.swift"; sourceTree = "<group>"; };
		99D0123E26C3A38F00BCD834 /* UIImageView+UIKit.swift */ = {isa = PBXFileReference; lastKnownFileType = sourcecode.swift; path = "UIImageView+UIKit.swift"; sourceTree = "<group>"; };
/* End PBXFileReference section */

/* Begin PBXFrameworksBuildPhase section */
		990628C826BFA714001DBE44 /* Frameworks */ = {
			isa = PBXFrameworksBuildPhase;
			buildActionMask = 2147483647;
			files = (
				99D0124226C3A52D00BCD834 /* SDWebImage in Frameworks */,
				9983D88D26C0F43600841455 /* FloatingPanel in Frameworks */,
			);
			runOnlyForDeploymentPostprocessing = 0;
		};
/* End PBXFrameworksBuildPhase section */

/* Begin PBXGroup section */
		990628C226BFA714001DBE44 = {
			isa = PBXGroup;
			children = (
				990628CD26BFA714001DBE44 /* Stocks */,
				990628CC26BFA714001DBE44 /* Products */,
			);
			sourceTree = "<group>";
		};
		990628CC26BFA714001DBE44 /* Products */ = {
			isa = PBXGroup;
			children = (
				990628CB26BFA714001DBE44 /* Stocks.app */,
			);
			name = Products;
			sourceTree = "<group>";
		};
		990628CD26BFA714001DBE44 /* Stocks */ = {
			isa = PBXGroup;
			children = (
				990628E626BFA7A8001DBE44 /* Other */,
				990628E526BFA79F001DBE44 /* Managers */,
				990628E426BFA790001DBE44 /* Controllers */,
				990628E326BFA788001DBE44 /* Views */,
				990628E226BFA781001DBE44 /* Models */,
				990628DC26BFA716001DBE44 /* Info.plist */,
			);
			path = Stocks;
			sourceTree = "<group>";
		};
		990628E226BFA781001DBE44 /* Models */ = {
			isa = PBXGroup;
			children = (
				990628FD26C00D6D001DBE44 /* SearchResponse.swift */,
				99D0123626C3938600BCD834 /* NewsStory.swift */,
			);
			path = Models;
			sourceTree = "<group>";
		};
		990628E326BFA788001DBE44 /* Views */ = {
			isa = PBXGroup;
			children = (
				990628F726BFD609001DBE44 /* SearchResultTableViewCell.swift */,
				99D0123A26C399B600BCD834 /* NewsStoryTableViewCell.swift */,
				9983D89326C247CA00841455 /* NewsHeaderView.swift */,
				990628D926BFA716001DBE44 /* LaunchScreen.storyboard */,
			);
			path = Views;
			sourceTree = "<group>";
		};
		990628E426BFA790001DBE44 /* Controllers */ = {
			isa = PBXGroup;
			children = (
				990628E926BFA878001DBE44 /* SearchResultsViewController.swift */,
				990628EB26BFA889001DBE44 /* StockDetailsViewController.swift */,
				990628E726BFA835001DBE44 /* NewsViewController.swift */,
				990628D226BFA714001DBE44 /* WatchListViewController.swift */,
			);
			path = Controllers;
			sourceTree = "<group>";
		};
		990628E526BFA79F001DBE44 /* Managers */ = {
			isa = PBXGroup;
			children = (
				990628ED26BFAAAC001DBE44 /* APICaller.swift */,
				990628EF26BFAAC3001DBE44 /* PersistenceManager.swift */,
				990628F126BFAAD3001DBE44 /* HapticsManager.swift */,
			);
			path = Managers;
			sourceTree = "<group>";
		};
		990628E626BFA7A8001DBE44 /* Other */ = {
			isa = PBXGroup;
			children = (
				998AACDE26C0F0A000D2F365 /* ExampleChildViewController.swift */,
				990628D726BFA716001DBE44 /* Assets.xcassets */,
				990628CE26BFA714001DBE44 /* AppDelegate.swift */,
				990628D026BFA714001DBE44 /* SceneDelegate.swift */,
				990628F326BFCD9A001DBE44 /* UIViewPreview.swift */,
				990628FB26BFF9AC001DBE44 /* UIViewControllerPreview.swift */,
				990628F526BFD24C001DBE44 /* UIView+UIKit.swift */,
				99D0123826C396A400BCD834 /* DateFormatter+Foundation.swift */,
				99D0123C26C3A26B00BCD834 /* String+Foundation.swift */,
				99D0123E26C3A38F00BCD834 /* UIImageView+UIKit.swift */,
				990628F926BFF852001DBE44 /* PreviewDevice.swift */,
			);
			path = Other;
			sourceTree = "<group>";
		};
/* End PBXGroup section */

/* Begin PBXNativeTarget section */
		990628CA26BFA714001DBE44 /* Stocks */ = {
			isa = PBXNativeTarget;
			buildConfigurationList = 990628DF26BFA716001DBE44 /* Build configuration list for PBXNativeTarget "Stocks" */;
			buildPhases = (
				990628C726BFA714001DBE44 /* Sources */,
				990628C826BFA714001DBE44 /* Frameworks */,
				990628C926BFA714001DBE44 /* Resources */,
			);
			buildRules = (
			);
			dependencies = (
			);
			name = Stocks;
			packageProductDependencies = (
				9983D88C26C0F43600841455 /* FloatingPanel */,
				99D0124126C3A52D00BCD834 /* SDWebImage */,
			);
			productName = Stocks;
			productReference = 990628CB26BFA714001DBE44 /* Stocks.app */;
			productType = "com.apple.product-type.application";
		};
/* End PBXNativeTarget section */

/* Begin PBXProject section */
		990628C326BFA714001DBE44 /* Project object */ = {
			isa = PBXProject;
			attributes = {
				LastSwiftUpdateCheck = 1250;
				LastUpgradeCheck = 1250;
				TargetAttributes = {
					990628CA26BFA714001DBE44 = {
						CreatedOnToolsVersion = 12.5.1;
					};
				};
			};
			buildConfigurationList = 990628C626BFA714001DBE44 /* Build configuration list for PBXProject "Stocks" */;
			compatibilityVersion = "Xcode 9.3";
			developmentRegion = en;
			hasScannedForEncodings = 0;
			knownRegions = (
				en,
				Base,
			);
			mainGroup = 990628C226BFA714001DBE44;
			packageReferences = (
				9983D88B26C0F43600841455 /* XCRemoteSwiftPackageReference "FloatingPanel" */,
				99D0124026C3A52D00BCD834 /* XCRemoteSwiftPackageReference "SDWebImage" */,
			);
			productRefGroup = 990628CC26BFA714001DBE44 /* Products */;
			projectDirPath = "";
			projectRoot = "";
			targets = (
				990628CA26BFA714001DBE44 /* Stocks */,
			);
		};
/* End PBXProject section */

/* Begin PBXResourcesBuildPhase section */
		990628C926BFA714001DBE44 /* Resources */ = {
			isa = PBXResourcesBuildPhase;
			buildActionMask = 2147483647;
			files = (
				990628DB26BFA716001DBE44 /* LaunchScreen.storyboard in Resources */,
				990628D826BFA716001DBE44 /* Assets.xcassets in Resources */,
			);
			runOnlyForDeploymentPostprocessing = 0;
		};
/* End PBXResourcesBuildPhase section */

/* Begin PBXSourcesBuildPhase section */
		990628C726BFA714001DBE44 /* Sources */ = {
			isa = PBXSourcesBuildPhase;
			buildActionMask = 2147483647;
			files = (
				990628F226BFAAD3001DBE44 /* HapticsManager.swift in Sources */,
				990628EC26BFA889001DBE44 /* StockDetailsViewController.swift in Sources */,
				990628F826BFD609001DBE44 /* SearchResultTableViewCell.swift in Sources */,
				998AACDF26C0F0A000D2F365 /* ExampleChildViewController.swift in Sources */,
				99D0123D26C3A26B00BCD834 /* String+Foundation.swift in Sources */,
				99D0123726C3938600BCD834 /* NewsStory.swift in Sources */,
				990628FC26BFF9AC001DBE44 /* UIViewControllerPreview.swift in Sources */,
				99D0123F26C3A38F00BCD834 /* UIImageView+UIKit.swift in Sources */,
				990628E826BFA835001DBE44 /* NewsViewController.swift in Sources */,
				990628FA26BFF852001DBE44 /* PreviewDevice.swift in Sources */,
				99D0123B26C399B600BCD834 /* NewsStoryTableViewCell.swift in Sources */,
				990628D326BFA714001DBE44 /* WatchListViewController.swift in Sources */,
				990628EE26BFAAAC001DBE44 /* APICaller.swift in Sources */,
				990628F426BFCD9A001DBE44 /* UIViewPreview.swift in Sources */,
				990628CF26BFA714001DBE44 /* AppDelegate.swift in Sources */,
				99D0123926C396A400BCD834 /* DateFormatter+Foundation.swift in Sources */,
				990628D126BFA714001DBE44 /* SceneDelegate.swift in Sources */,
				9983D89426C247CA00841455 /* NewsHeaderView.swift in Sources */,
				990628FE26C00D6D001DBE44 /* SearchResponse.swift in Sources */,
				990628EA26BFA878001DBE44 /* SearchResultsViewController.swift in Sources */,
				990628F626BFD24C001DBE44 /* UIView+UIKit.swift in Sources */,
				990628F026BFAAC3001DBE44 /* PersistenceManager.swift in Sources */,
			);
			runOnlyForDeploymentPostprocessing = 0;
		};
/* End PBXSourcesBuildPhase section */

/* Begin PBXVariantGroup section */
		990628D926BFA716001DBE44 /* LaunchScreen.storyboard */ = {
			isa = PBXVariantGroup;
			children = (
				990628DA26BFA716001DBE44 /* Base */,
			);
			name = LaunchScreen.storyboard;
			sourceTree = "<group>";
		};
/* End PBXVariantGroup section */

/* Begin XCBuildConfiguration section */
		990628DD26BFA716001DBE44 /* Debug */ = {
			isa = XCBuildConfiguration;
			buildSettings = {
				ALWAYS_SEARCH_USER_PATHS = NO;
				CLANG_ANALYZER_NONNULL = YES;
				CLANG_ANALYZER_NUMBER_OBJECT_CONVERSION = YES_AGGRESSIVE;
				CLANG_CXX_LANGUAGE_STANDARD = "gnu++14";
				CLANG_CXX_LIBRARY = "libc++";
				CLANG_ENABLE_MODULES = YES;
				CLANG_ENABLE_OBJC_ARC = YES;
				CLANG_ENABLE_OBJC_WEAK = YES;
				CLANG_WARN_BLOCK_CAPTURE_AUTORELEASING = YES;
				CLANG_WARN_BOOL_CONVERSION = YES;
				CLANG_WARN_COMMA = YES;
				CLANG_WARN_CONSTANT_CONVERSION = YES;
				CLANG_WARN_DEPRECATED_OBJC_IMPLEMENTATIONS = YES;
				CLANG_WARN_DIRECT_OBJC_ISA_USAGE = YES_ERROR;
				CLANG_WARN_DOCUMENTATION_COMMENTS = YES;
				CLANG_WARN_EMPTY_BODY = YES;
				CLANG_WARN_ENUM_CONVERSION = YES;
				CLANG_WARN_INFINITE_RECURSION = YES;
				CLANG_WARN_INT_CONVERSION = YES;
				CLANG_WARN_NON_LITERAL_NULL_CONVERSION = YES;
				CLANG_WARN_OBJC_IMPLICIT_RETAIN_SELF = YES;
				CLANG_WARN_OBJC_LITERAL_CONVERSION = YES;
				CLANG_WARN_OBJC_ROOT_CLASS = YES_ERROR;
				CLANG_WARN_QUOTED_INCLUDE_IN_FRAMEWORK_HEADER = YES;
				CLANG_WARN_RANGE_LOOP_ANALYSIS = YES;
				CLANG_WARN_STRICT_PROTOTYPES = YES;
				CLANG_WARN_SUSPICIOUS_MOVE = YES;
				CLANG_WARN_UNGUARDED_AVAILABILITY = YES_AGGRESSIVE;
				CLANG_WARN_UNREACHABLE_CODE = YES;
				CLANG_WARN__DUPLICATE_METHOD_MATCH = YES;
				COPY_PHASE_STRIP = NO;
				DEBUG_INFORMATION_FORMAT = dwarf;
				ENABLE_STRICT_OBJC_MSGSEND = YES;
				ENABLE_TESTABILITY = YES;
				GCC_C_LANGUAGE_STANDARD = gnu11;
				GCC_DYNAMIC_NO_PIC = NO;
				GCC_NO_COMMON_BLOCKS = YES;
				GCC_OPTIMIZATION_LEVEL = 0;
				GCC_PREPROCESSOR_DEFINITIONS = (
					"DEBUG=1",
					"$(inherited)",
				);
				GCC_WARN_64_TO_32_BIT_CONVERSION = YES;
				GCC_WARN_ABOUT_RETURN_TYPE = YES_ERROR;
				GCC_WARN_UNDECLARED_SELECTOR = YES;
				GCC_WARN_UNINITIALIZED_AUTOS = YES_AGGRESSIVE;
				GCC_WARN_UNUSED_FUNCTION = YES;
				GCC_WARN_UNUSED_VARIABLE = YES;
				IPHONEOS_DEPLOYMENT_TARGET = 14.5;
				MTL_ENABLE_DEBUG_INFO = INCLUDE_SOURCE;
				MTL_FAST_MATH = YES;
				ONLY_ACTIVE_ARCH = YES;
				SDKROOT = iphoneos;
				SWIFT_ACTIVE_COMPILATION_CONDITIONS = DEBUG;
				SWIFT_OPTIMIZATION_LEVEL = "-Onone";
			};
			name = Debug;
		};
		990628DE26BFA716001DBE44 /* Release */ = {
			isa = XCBuildConfiguration;
			buildSettings = {
				ALWAYS_SEARCH_USER_PATHS = NO;
				CLANG_ANALYZER_NONNULL = YES;
				CLANG_ANALYZER_NUMBER_OBJECT_CONVERSION = YES_AGGRESSIVE;
				CLANG_CXX_LANGUAGE_STANDARD = "gnu++14";
				CLANG_CXX_LIBRARY = "libc++";
				CLANG_ENABLE_MODULES = YES;
				CLANG_ENABLE_OBJC_ARC = YES;
				CLANG_ENABLE_OBJC_WEAK = YES;
				CLANG_WARN_BLOCK_CAPTURE_AUTORELEASING = YES;
				CLANG_WARN_BOOL_CONVERSION = YES;
				CLANG_WARN_COMMA = YES;
				CLANG_WARN_CONSTANT_CONVERSION = YES;
				CLANG_WARN_DEPRECATED_OBJC_IMPLEMENTATIONS = YES;
				CLANG_WARN_DIRECT_OBJC_ISA_USAGE = YES_ERROR;
				CLANG_WARN_DOCUMENTATION_COMMENTS = YES;
				CLANG_WARN_EMPTY_BODY = YES;
				CLANG_WARN_ENUM_CONVERSION = YES;
				CLANG_WARN_INFINITE_RECURSION = YES;
				CLANG_WARN_INT_CONVERSION = YES;
				CLANG_WARN_NON_LITERAL_NULL_CONVERSION = YES;
				CLANG_WARN_OBJC_IMPLICIT_RETAIN_SELF = YES;
				CLANG_WARN_OBJC_LITERAL_CONVERSION = YES;
				CLANG_WARN_OBJC_ROOT_CLASS = YES_ERROR;
				CLANG_WARN_QUOTED_INCLUDE_IN_FRAMEWORK_HEADER = YES;
				CLANG_WARN_RANGE_LOOP_ANALYSIS = YES;
				CLANG_WARN_STRICT_PROTOTYPES = YES;
				CLANG_WARN_SUSPICIOUS_MOVE = YES;
				CLANG_WARN_UNGUARDED_AVAILABILITY = YES_AGGRESSIVE;
				CLANG_WARN_UNREACHABLE_CODE = YES;
				CLANG_WARN__DUPLICATE_METHOD_MATCH = YES;
				COPY_PHASE_STRIP = NO;
				DEBUG_INFORMATION_FORMAT = "dwarf-with-dsym";
				ENABLE_NS_ASSERTIONS = NO;
				ENABLE_STRICT_OBJC_MSGSEND = YES;
				GCC_C_LANGUAGE_STANDARD = gnu11;
				GCC_NO_COMMON_BLOCKS = YES;
				GCC_WARN_64_TO_32_BIT_CONVERSION = YES;
				GCC_WARN_ABOUT_RETURN_TYPE = YES_ERROR;
				GCC_WARN_UNDECLARED_SELECTOR = YES;
				GCC_WARN_UNINITIALIZED_AUTOS = YES_AGGRESSIVE;
				GCC_WARN_UNUSED_FUNCTION = YES;
				GCC_WARN_UNUSED_VARIABLE = YES;
				IPHONEOS_DEPLOYMENT_TARGET = 14.5;
				MTL_ENABLE_DEBUG_INFO = NO;
				MTL_FAST_MATH = YES;
				SDKROOT = iphoneos;
				SWIFT_COMPILATION_MODE = wholemodule;
				SWIFT_OPTIMIZATION_LEVEL = "-O";
				VALIDATE_PRODUCT = YES;
			};
			name = Release;
		};
		990628E026BFA716001DBE44 /* Debug */ = {
			isa = XCBuildConfiguration;
			buildSettings = {
				ASSETCATALOG_COMPILER_APPICON_NAME = AppIcon;
				ASSETCATALOG_COMPILER_GLOBAL_ACCENT_COLOR_NAME = AccentColor;
				CODE_SIGN_STYLE = Automatic;
				DEVELOPMENT_TEAM = W6D72DC997;
				INFOPLIST_FILE = Stocks/Info.plist;
				IPHONEOS_DEPLOYMENT_TARGET = 13.0;
				LD_RUNPATH_SEARCH_PATHS = (
					"$(inherited)",
					"@executable_path/Frameworks",
				);
				PRODUCT_BUNDLE_IDENTIFIER = ptokarevskiy.Stocks;
				PRODUCT_NAME = "$(TARGET_NAME)";
				SWIFT_VERSION = 5.0;
				TARGETED_DEVICE_FAMILY = 1;
			};
			name = Debug;
		};
		990628E126BFA716001DBE44 /* Release */ = {
			isa = XCBuildConfiguration;
			buildSettings = {
				ASSETCATALOG_COMPILER_APPICON_NAME = AppIcon;
				ASSETCATALOG_COMPILER_GLOBAL_ACCENT_COLOR_NAME = AccentColor;
				CODE_SIGN_STYLE = Automatic;
				DEVELOPMENT_TEAM = W6D72DC997;
				INFOPLIST_FILE = Stocks/Info.plist;
				IPHONEOS_DEPLOYMENT_TARGET = 13.0;
				LD_RUNPATH_SEARCH_PATHS = (
					"$(inherited)",
					"@executable_path/Frameworks",
				);
				PRODUCT_BUNDLE_IDENTIFIER = ptokarevskiy.Stocks;
				PRODUCT_NAME = "$(TARGET_NAME)";
				SWIFT_VERSION = 5.0;
				TARGETED_DEVICE_FAMILY = 1;
			};
			name = Release;
		};
/* End XCBuildConfiguration section */

/* Begin XCConfigurationList section */
		990628C626BFA714001DBE44 /* Build configuration list for PBXProject "Stocks" */ = {
			isa = XCConfigurationList;
			buildConfigurations = (
				990628DD26BFA716001DBE44 /* Debug */,
				990628DE26BFA716001DBE44 /* Release */,
			);
			defaultConfigurationIsVisible = 0;
			defaultConfigurationName = Release;
		};
		990628DF26BFA716001DBE44 /* Build configuration list for PBXNativeTarget "Stocks" */ = {
			isa = XCConfigurationList;
			buildConfigurations = (
				990628E026BFA716001DBE44 /* Debug */,
				990628E126BFA716001DBE44 /* Release */,
			);
			defaultConfigurationIsVisible = 0;
			defaultConfigurationName = Release;
		};
/* End XCConfigurationList section */

/* Begin XCRemoteSwiftPackageReference section */
		9983D88B26C0F43600841455 /* XCRemoteSwiftPackageReference "FloatingPanel" */ = {
			isa = XCRemoteSwiftPackageReference;
			repositoryURL = "https://github.com/scenee/FloatingPanel";
			requirement = {
				kind = upToNextMajorVersion;
				minimumVersion = 2.4.0;
			};
		};
		99D0124026C3A52D00BCD834 /* XCRemoteSwiftPackageReference "SDWebImage" */ = {
			isa = XCRemoteSwiftPackageReference;
			repositoryURL = "https://github.com/SDWebImage/SDWebImage";
			requirement = {
				kind = upToNextMajorVersion;
				minimumVersion = 5.11.1;
			};
		};
/* End XCRemoteSwiftPackageReference section */

/* Begin XCSwiftPackageProductDependency section */
		9983D88C26C0F43600841455 /* FloatingPanel */ = {
			isa = XCSwiftPackageProductDependency;
			package = 9983D88B26C0F43600841455 /* XCRemoteSwiftPackageReference "FloatingPanel" */;
			productName = FloatingPanel;
		};
		99D0124126C3A52D00BCD834 /* SDWebImage */ = {
			isa = XCSwiftPackageProductDependency;
			package = 99D0124026C3A52D00BCD834 /* XCRemoteSwiftPackageReference "SDWebImage" */;
			productName = SDWebImage;
		};
/* End XCSwiftPackageProductDependency section */
	};
	rootObject = 990628C326BFA714001DBE44 /* Project object */;
}
